
Microsoft Visual Studio Solution File, Format Version 12.00
# Visual Studio Version 17
VisualStudioVersion = 17.10.34825.169
MinimumVisualStudioVersion = 10.0.40219.1
Project("{FAE04EC0-301F-11D3-BF4B-00C04F79EFBC}") = "ExampleOOP", "ExampleOOP\ExampleOOP.csproj", "{49D7ED2C-A491-4C83-AFDD-8B9C539FADD7}"
EndProject
Global
	GlobalSection(SolutionConfigurationPlatforms) = preSolution
		Debug|Any CPU = Debug|Any CPU
		Release|Any CPU = Release|Any CPU
	EndGlobalSection
	GlobalSection(ProjectConfigurationPlatforms) = postSolution
		{49D7ED2C-A491-4C83-AFDD-8B9C539FADD7}.Debug|Any CPU.ActiveCfg = Debug|Any CPU
		{49D7ED2C-A491-4C83-AFDD-8B9C539FADD7}.Debug|Any CPU.Build.0 = Debug|Any CPU
		{49D7ED2C-A491-4C83-AFDD-8B9C539FADD7}.Release|Any CPU.ActiveCfg = Release|Any CPU
		{49D7ED2C-A491-4C83-AFDD-8B9C539FADD7}.Release|Any CPU.Build.0 = Release|Any CPU
	EndGlobalSection
	GlobalSection(SolutionProperties) = preSolution
		HideSolutionNode = FALSE
	EndGlobalSection
	GlobalSection(ExtensibilityGlobals) = postSolution
		SolutionGuid = {BDEF7AC4-13F3-4954-96AF-15E58699385C}
	EndGlobalSection
EndGlobal
