
Microsoft Visual Studio Solution File, Format Version 12.00
# Visual Studio Version 17
VisualStudioVersion = 17.11.35103.136
MinimumVisualStudioVersion = 10.0.40219.1
Project("{FAE04EC0-301F-11D3-BF4B-00C04F79EFBC}") = "ExampleWestWind", "ExampleWestWind\ExampleWestWind.csproj", "{F9509928-252D-4302-83B5-C372915071CD}"
EndProject
Global
	GlobalSection(SolutionConfigurationPlatforms) = preSolution
		Debug|Any CPU = Debug|Any CPU
		Release|Any CPU = Release|Any CPU
	EndGlobalSection
	GlobalSection(ProjectConfigurationPlatforms) = postSolution
		{F9509928-252D-4302-83B5-C372915071CD}.Debug|Any CPU.ActiveCfg = Debug|Any CPU
		{F9509928-252D-4302-83B5-C372915071CD}.Debug|Any CPU.Build.0 = Debug|Any CPU
		{F9509928-252D-4302-83B5-C372915071CD}.Release|Any CPU.ActiveCfg = Release|Any CPU
		{F9509928-252D-4302-83B5-C372915071CD}.Release|Any CPU.Build.0 = Release|Any CPU
	EndGlobalSection
	GlobalSection(SolutionProperties) = preSolution
		HideSolutionNode = FALSE
	EndGlobalSection
	GlobalSection(ExtensibilityGlobals) = postSolution
		SolutionGuid = {06BC846A-4F41-41BE-989A-C78DFED212CD}
	EndGlobalSection
EndGlobal
